
Microsoft Visual Studio Solution File, Format Version 12.00
# Visual Studio Version 17
VisualStudioVersion = 17.8.34316.72
MinimumVisualStudioVersion = 10.0.40219.1
Project("{9A19103F-16F7-4668-BE54-9A1E7A4F7556}") = "RoslynCompiler", "RoslynCompiler.csproj", "{051C9092-9440-4E33-BF35-BCE3E6FA7CBB}"
EndProject
Global
	GlobalSection(SolutionConfigurationPlatforms) = preSolution
		Debug|Any CPU = Debug|Any CPU
		Debug|x64 = Debug|x64
		Release|Any CPU = Release|Any CPU
		Release|x64 = Release|x64
	EndGlobalSection
	GlobalSection(ProjectConfigurationPlatforms) = postSolution
		{051C9092-9440-4E33-BF35-BCE3E6FA7CBB}.Debug|Any CPU.ActiveCfg = Debug|Any CPU
		{051C9092-9440-4E33-BF35-BCE3E6FA7CBB}.Debug|Any CPU.Build.0 = Debug|Any CPU
		{051C9092-9440-4E33-BF35-BCE3E6FA7CBB}.Debug|x64.ActiveCfg = Debug|x64
		{051C9092-9440-4E33-BF35-BCE3E6FA7CBB}.Debug|x64.Build.0 = Debug|x64
		{051C9092-9440-4E33-BF35-BCE3E6FA7CBB}.Release|Any CPU.ActiveCfg = Release|Any CPU
		{051C9092-9440-4E33-BF35-BCE3E6FA7CBB}.Release|Any CPU.Build.0 = Release|Any CPU
		{051C9092-9440-4E33-BF35-BCE3E6FA7CBB}.Release|x64.ActiveCfg = Release|x64
		{051C9092-9440-4E33-BF35-BCE3E6FA7CBB}.Release|x64.Build.0 = Release|x64
	EndGlobalSection
	GlobalSection(SolutionProperties) = preSolution
		HideSolutionNode = FALSE
	EndGlobalSection
	GlobalSection(ExtensibilityGlobals) = postSolution
		SolutionGuid = {6A88DCE8-3FF4-4825-BE61-239117A95CF0}
	EndGlobalSection
EndGlobal
